
Microsoft Visual Studio Solution File, Format Version 12.00
# Visual Studio 14
VisualStudioVersion = 14.0.25420.1
MinimumVisualStudioVersion = 10.0.40219.1
Project("{FAE04EC0-301F-11D3-BF4B-00C04F79EFBC}") = "Pastebook", "Pastebook\Pastebook.csproj", "{B45F6810-A63B-48EE-9FCB-4A50C13518B1}"
EndProject
Project("{FAE04EC0-301F-11D3-BF4B-00C04F79EFBC}") = "PastebookEntityLibrary", "PastebookEntityLibrary\PastebookEntityLibrary.csproj", "{2A4B0630-3123-4921-B770-5798F2466F03}"
EndProject
Project("{FAE04EC0-301F-11D3-BF4B-00C04F79EFBC}") = "PastebookBusinessLogicLibrary", "PastebookBusinessLogicLibrary\PastebookBusinessLogicLibrary.csproj", "{8765A3BD-610B-4C17-A544-77074C6FD2D4}"
EndProject
Project("{FAE04EC0-301F-11D3-BF4B-00C04F79EFBC}") = "PastebookDataAccessLibrary", "PastebookDataAccess\PastebookDataAccessLibrary.csproj", "{33E5FF1A-B067-482E-B638-4F90553F9055}"
EndProject
Global
	GlobalSection(SolutionConfigurationPlatforms) = preSolution
		Debug|Any CPU = Debug|Any CPU
		Release|Any CPU = Release|Any CPU
	EndGlobalSection
	GlobalSection(ProjectConfigurationPlatforms) = postSolution
		{B45F6810-A63B-48EE-9FCB-4A50C13518B1}.Debug|Any CPU.ActiveCfg = Debug|Any CPU
		{B45F6810-A63B-48EE-9FCB-4A50C13518B1}.Debug|Any CPU.Build.0 = Debug|Any CPU
		{B45F6810-A63B-48EE-9FCB-4A50C13518B1}.Release|Any CPU.ActiveCfg = Release|Any CPU
		{B45F6810-A63B-48EE-9FCB-4A50C13518B1}.Release|Any CPU.Build.0 = Release|Any CPU
		{2A4B0630-3123-4921-B770-5798F2466F03}.Debug|Any CPU.ActiveCfg = Debug|Any CPU
		{2A4B0630-3123-4921-B770-5798F2466F03}.Debug|Any CPU.Build.0 = Debug|Any CPU
		{2A4B0630-3123-4921-B770-5798F2466F03}.Release|Any CPU.ActiveCfg = Release|Any CPU
		{2A4B0630-3123-4921-B770-5798F2466F03}.Release|Any CPU.Build.0 = Release|Any CPU
		{8765A3BD-610B-4C17-A544-77074C6FD2D4}.Debug|Any CPU.ActiveCfg = Debug|Any CPU
		{8765A3BD-610B-4C17-A544-77074C6FD2D4}.Debug|Any CPU.Build.0 = Debug|Any CPU
		{8765A3BD-610B-4C17-A544-77074C6FD2D4}.Release|Any CPU.ActiveCfg = Release|Any CPU
		{8765A3BD-610B-4C17-A544-77074C6FD2D4}.Release|Any CPU.Build.0 = Release|Any CPU
		{33E5FF1A-B067-482E-B638-4F90553F9055}.Debug|Any CPU.ActiveCfg = Debug|Any CPU
		{33E5FF1A-B067-482E-B638-4F90553F9055}.Debug|Any CPU.Build.0 = Debug|Any CPU
		{33E5FF1A-B067-482E-B638-4F90553F9055}.Release|Any CPU.ActiveCfg = Release|Any CPU
		{33E5FF1A-B067-482E-B638-4F90553F9055}.Release|Any CPU.Build.0 = Release|Any CPU
	EndGlobalSection
	GlobalSection(SolutionProperties) = preSolution
		HideSolutionNode = FALSE
	EndGlobalSection
EndGlobal
